{
  "name": "gatsby-source-astra",
  "version": "1.0.0",
  "lockfileVersion": 2,
  "requires": true,
  "packages": {
    "": {
      "version": "1.0.0",
      "license": "MIT",
      "dependencies": {
        "@astrajs/collections": "^0.0.9",
        "cross-fetch": "^3.0.5"
      }
    },
    "node_modules/@astrajs/collections": {
      "version": "0.0.9",
      "resolved": "https://registry.npmjs.org/@astrajs/collections/-/collections-0.0.9.tgz",
      "integrity": "sha512-Fk5qxy6835JYxjOKDA9ndgGu0+kKGIA/jjyvECtrxHTDR0RMdEgl+ijhqT5pv2NIAZxiMfCcY4wdeBQ6dUyWgA==",
      "dependencies": {
        "@astrajs/rest": "^0.0.9"
      }
    },
    "node_modules/@astrajs/rest": {
      "version": "0.0.9",
      "resolved": "https://registry.npmjs.org/@astrajs/rest/-/rest-0.0.9.tgz",
      "integrity": "sha512-QbLQpCMG+QXByuMZox5HZn/ES23AJbbOzJeyIR445IDN9AGOWY3cVFn+i6fxAHDDAQU6gIuLunRJiTFAX6c0mA==",
      "dependencies": {
        "axios": "^0.20.0",
        "lodash": "^4.17.20"
      }
    },
    "node_modules/axios": {
      "version": "0.20.0",
      "resolved": "https://registry.npmjs.org/axios/-/axios-0.20.0.tgz",
      "integrity": "sha512-ANA4rr2BDcmmAQLOKft2fufrtuvlqR+cXNNinUmvfeSNCOF98PZL+7M/v1zIdGo7OLjEA9J2gXJL+j4zGsl0bA==",
      "deprecated": "Critical security vulnerability fixed in v0.21.1. For more information, see https://github.com/axios/axios/pull/3410",
      "dependencies": {
        "follow-redirects": "^1.10.0"
      }
    },
    "node_modules/cross-fetch": {
      "version": "3.0.5",
      "resolved": "https://registry.yarnpkg.com/cross-fetch/-/cross-fetch-3.0.5.tgz",
      "integrity": "sha512-FFLcLtraisj5eteosnX1gf01qYDCOc4fDy0+euOt8Kn9YBY2NtXL/pCoYPavw24NIQkQqm5ZOLsGD5Zzj0gyew==",
      "license": "MIT",
      "dependencies": {
        "node-fetch": "2.6.0"
      }
    },
    "node_modules/follow-redirects": {
      "version": "1.13.1",
      "resolved": "https://registry.npmjs.org/follow-redirects/-/follow-redirects-1.13.1.tgz",
      "integrity": "sha512-SSG5xmZh1mkPGyKzjZP8zLjltIfpW32Y5QpdNJyjcfGxK3qo3NDDkZOZSFiGn1A6SclQxY9GzEwAHQ3dmYRWpg==",
      "funding": [
        {
          "type": "individual",
          "url": "https://github.com/sponsors/RubenVerborgh"
        }
      ],
      "engines": {
        "node": ">=4.0"
      },
      "peerDependenciesMeta": {
        "debug": {
          "optional": true
        }
      }
    },
    "node_modules/lodash": {
      "version": "4.17.20",
      "resolved": "https://registry.npmjs.org/lodash/-/lodash-4.17.20.tgz",
      "integrity": "sha512-PlhdFcillOINfeV7Ni6oF1TAEayyZBoZ8bcshTHqOYJYlrqzRK5hagpagky5o4HfCzzd1TRkXPMFq6cKk9rGmA=="
    },
    "node_modules/node-fetch": {
      "version": "2.6.0",
      "resolved": "https://registry.yarnpkg.com/node-fetch/-/node-fetch-2.6.0.tgz",
      "integrity": "sha512-8dG4H5ujfvFiqDmVu9fQ5bOHUC15JMjMY/Zumv26oOvvVJjM67KF8koCWIabKQ1GJIa9r2mMZscBq/TbdOcmNA==",
      "license": "MIT",
      "engines": {
        "node": "4.x || >=6.0.0"
      }
    }
  },
  "dependencies": {
    "@astrajs/collections": {
      "version": "0.0.9",
      "resolved": "https://registry.npmjs.org/@astrajs/collections/-/collections-0.0.9.tgz",
      "integrity": "sha512-Fk5qxy6835JYxjOKDA9ndgGu0+kKGIA/jjyvECtrxHTDR0RMdEgl+ijhqT5pv2NIAZxiMfCcY4wdeBQ6dUyWgA==",
      "requires": {
        "@astrajs/rest": "^0.0.9"
      }
    },
    "@astrajs/rest": {
      "version": "0.0.9",
      "resolved": "https://registry.npmjs.org/@astrajs/rest/-/rest-0.0.9.tgz",
      "integrity": "sha512-QbLQpCMG+QXByuMZox5HZn/ES23AJbbOzJeyIR445IDN9AGOWY3cVFn+i6fxAHDDAQU6gIuLunRJiTFAX6c0mA==",
      "requires": {
        "axios": "^0.20.0",
        "lodash": "^4.17.20"
      }
    },
    "axios": {
      "version": "0.20.0",
      "resolved": "https://registry.npmjs.org/axios/-/axios-0.20.0.tgz",
      "integrity": "sha512-ANA4rr2BDcmmAQLOKft2fufrtuvlqR+cXNNinUmvfeSNCOF98PZL+7M/v1zIdGo7OLjEA9J2gXJL+j4zGsl0bA==",
      "requires": {
        "follow-redirects": "^1.10.0"
      }
    },
    "cross-fetch": {
      "version": "3.0.5",
      "resolved": "https://registry.yarnpkg.com/cross-fetch/-/cross-fetch-3.0.5.tgz",
      "integrity": "sha512-FFLcLtraisj5eteosnX1gf01qYDCOc4fDy0+euOt8Kn9YBY2NtXL/pCoYPavw24NIQkQqm5ZOLsGD5Zzj0gyew==",
      "requires": {
        "node-fetch": "2.6.0"
      }
    },
    "follow-redirects": {
      "version": "1.13.1",
      "resolved": "https://registry.npmjs.org/follow-redirects/-/follow-redirects-1.13.1.tgz",
      "integrity": "sha512-SSG5xmZh1mkPGyKzjZP8zLjltIfpW32Y5QpdNJyjcfGxK3qo3NDDkZOZSFiGn1A6SclQxY9GzEwAHQ3dmYRWpg=="
    },
    "lodash": {
      "version": "4.17.20",
      "resolved": "https://registry.npmjs.org/lodash/-/lodash-4.17.20.tgz",
      "integrity": "sha512-PlhdFcillOINfeV7Ni6oF1TAEayyZBoZ8bcshTHqOYJYlrqzRK5hagpagky5o4HfCzzd1TRkXPMFq6cKk9rGmA=="
    },
    "node-fetch": {
      "version": "2.6.0",
      "resolved": "https://registry.yarnpkg.com/node-fetch/-/node-fetch-2.6.0.tgz",
      "integrity": "sha512-8dG4H5ujfvFiqDmVu9fQ5bOHUC15JMjMY/Zumv26oOvvVJjM67KF8koCWIabKQ1GJIa9r2mMZscBq/TbdOcmNA=="
    }
  }
}
